{
  "object": {
    "pins": [
      {
        "package": "HTMLKit",
        "repositoryURL": "https://github.com/vapor-community/HTMLKit.git",
        "state": {
          "branch": null,
          "revision": "7cf9c3250342a93b317a1235dfeed013868c5b4b",
          "version": "2.0.0-beta.1"
        }
      },
      {
        "package": "Lingo",
        "repositoryURL": "https://github.com/miroslavkovac/Lingo.git",
        "state": {
          "branch": null,
          "revision": "f21f388b04239641b3e88d14f21762125faa9857",
          "version": "3.0.5"
        }
      },
      {
        "package": "swift-nio",
        "repositoryURL": "https://github.com/apple/swift-nio",
        "state": {
          "branch": null,
          "revision": "f6487a11d80bfb9a0a0a752b7442847c7e3a8253",
          "version": "2.12.0"
        }
      }
    ]
  },
  "version": 1
}
